# This file is automatically @generated by Cargo.
# It is not intended for manual editing.
version = 3

[[package]]
name = "autocfg"
version = "1.1.0"
source = "registry+https://github.com/rust-lang/crates.io-index"
checksum = "d468802bab17cbc0cc575e9b053f41e72aa36bfa6b7f55e3529ffa43161b97fa"

[[package]]
name = "euler"
version = "0.1.0"
dependencies = [
 "lending-iterator",
 "num",
]

[[package]]
name = "ext-trait"
version = "1.0.1"
source = "registry+https://github.com/rust-lang/crates.io-index"
checksum = "d772df1c1a777963712fb68e014235e80863d6a91a85c4e06ba2d16243a310e5"
dependencies = [
 "ext-trait-proc_macros",
]

[[package]]
name = "ext-trait-proc_macros"
version = "1.0.1"
source = "registry+https://github.com/rust-lang/crates.io-index"
checksum = "1ab7934152eaf26aa5aa9f7371408ad5af4c31357073c9e84c3b9d7f11ad639a"
dependencies = [
 "proc-macro2",
 "quote",
 "syn",
]

[[package]]
name = "extension-traits"
version = "1.0.1"
source = "registry+https://github.com/rust-lang/crates.io-index"
checksum = "a296e5a895621edf9fa8329c83aa1cb69a964643e36cf54d8d7a69b789089537"
dependencies = [
 "ext-trait",
]

[[package]]
name = "lending-iterator"
version = "0.1.6"
source = "registry+https://github.com/rust-lang/crates.io-index"
checksum = "76556389dff21705decf4c3a5aec578de8c2f55a483261dd0b772b7a354bf0c5"
dependencies = [
 "extension-traits",
 "lending-iterator-proc_macros",
 "macro_rules_attribute",
 "never-say-never",
 "nougat",
 "polonius-the-crab",
]

[[package]]
name = "lending-iterator-proc_macros"
version = "0.1.6"
source = "registry+https://github.com/rust-lang/crates.io-index"
checksum = "3aab3450d67ed49ded01ef75628c98c8e86ebd12d281f0efe6f434677bea957a"
dependencies = [
 "proc-macro2",
 "quote",
 "syn",
]

[[package]]
name = "macro_rules_attribute"
version = "0.1.3"
source = "registry+https://github.com/rust-lang/crates.io-index"
checksum = "cf0c9b980bf4f3a37fd7b1c066941dd1b1d0152ce6ee6e8fe8c49b9f6810d862"
dependencies = [
 "macro_rules_attribute-proc_macro",
 "paste",
]

[[package]]
name = "macro_rules_attribute-proc_macro"
version = "0.1.3"
source = "registry+https://github.com/rust-lang/crates.io-index"
checksum = "58093314a45e00c77d5c508f76e77c3396afbbc0d01506e7fae47b018bac2b1d"

[[package]]
name = "never-say-never"
version = "6.6.666"
source = "registry+https://github.com/rust-lang/crates.io-index"
checksum = "cf5a574dadd7941adeaa71823ecba5e28331b8313fb2e1c6a5c7e5981ea53ad6"

[[package]]
name = "nougat"
version = "0.2.4"
source = "registry+https://github.com/rust-lang/crates.io-index"
checksum = "97b57b9ced431322f054fc673f1d3c7fa52d80efd9df74ad2fc759f044742510"
dependencies = [
 "macro_rules_attribute",
 "nougat-proc_macros",
]

[[package]]
name = "nougat-proc_macros"
version = "0.2.4"
source = "registry+https://github.com/rust-lang/crates.io-index"
checksum = "c84f77a45e99a2f9b492695d99e1c23844619caa5f3e57647cffacad773ca257"
dependencies = [
 "proc-macro2",
 "quote",
 "syn",
]

[[package]]
name = "num"
version = "0.4.0"
source = "registry+https://github.com/rust-lang/crates.io-index"
checksum = "43db66d1170d347f9a065114077f7dccb00c1b9478c89384490a3425279a4606"
dependencies = [
 "num-bigint",
 "num-complex",
 "num-integer",
 "num-iter",
 "num-rational",
 "num-traits",
]

[[package]]
name = "num-bigint"
version = "0.4.3"
source = "registry+https://github.com/rust-lang/crates.io-index"
checksum = "f93ab6289c7b344a8a9f60f88d80aa20032336fe78da341afc91c8a2341fc75f"
dependencies = [
 "autocfg",
 "num-integer",
 "num-traits",
]

[[package]]
name = "num-complex"
version = "0.4.2"
source = "registry+https://github.com/rust-lang/crates.io-index"
checksum = "7ae39348c8bc5fbd7f40c727a9925f03517afd2ab27d46702108b6a7e5414c19"
dependencies = [
 "num-traits",
]

[[package]]
name = "num-integer"
version = "0.1.45"
source = "registry+https://github.com/rust-lang/crates.io-index"
checksum = "225d3389fb3509a24c93f5c29eb6bde2586b98d9f016636dff58d7c6f7569cd9"
dependencies = [
 "autocfg",
 "num-traits",
]

[[package]]
name = "num-iter"
version = "0.1.43"
source = "registry+https://github.com/rust-lang/crates.io-index"
checksum = "7d03e6c028c5dc5cac6e2dec0efda81fc887605bb3d884578bb6d6bf7514e252"
dependencies = [
 "autocfg",
 "num-integer",
 "num-traits",
]

[[package]]
name = "num-rational"
version = "0.4.1"
source = "registry+https://github.com/rust-lang/crates.io-index"
checksum = "0638a1c9d0a3c0914158145bc76cff373a75a627e6ecbfb71cbe6f453a5a19b0"
dependencies = [
 "autocfg",
 "num-bigint",
 "num-integer",
 "num-traits",
]

[[package]]
name = "num-traits"
version = "0.2.15"
source = "registry+https://github.com/rust-lang/crates.io-index"
checksum = "578ede34cf02f8924ab9447f50c28075b4d3e5b269972345e7e0372b38c6cdcd"
dependencies = [
 "autocfg",
]

[[package]]
name = "paste"
version = "1.0.11"
source = "registry+https://github.com/rust-lang/crates.io-index"
checksum = "d01a5bd0424d00070b0098dd17ebca6f961a959dead1dbcbbbc1d1cd8d3deeba"

[[package]]
name = "polonius-the-crab"
version = "0.2.1"
source = "registry+https://github.com/rust-lang/crates.io-index"
checksum = "c2a69ee997a6282f8462abf1e0d8c38c965e968799e912b3bed8c9e8a28c2f9f"

[[package]]
name = "proc-macro2"
version = "1.0.49"
source = "registry+https://github.com/rust-lang/crates.io-index"
checksum = "57a8eca9f9c4ffde41714334dee777596264c7825420f521abc92b5b5deb63a5"
dependencies = [
 "unicode-ident",
]

[[package]]
name = "quote"
version = "1.0.23"
source = "registry+https://github.com/rust-lang/crates.io-index"
checksum = "8856d8364d252a14d474036ea1358d63c9e6965c8e5c1885c18f73d70bff9c7b"
dependencies = [
 "proc-macro2",
]

[[package]]
name = "syn"
version = "1.0.107"
source = "registry+https://github.com/rust-lang/crates.io-index"
checksum = "1f4064b5b16e03ae50984a5a8ed5d4f8803e6bc1fd170a3cda91a1be4b18e3f5"
dependencies = [
 "proc-macro2",
 "quote",
 "unicode-ident",
]

[[package]]
name = "unicode-ident"
version = "1.0.6"
source = "registry+https://github.com/rust-lang/crates.io-index"
checksum = "84a22b9f218b40614adcb3f4ff08b703773ad44fa9423e4e0d346d5db86e4ebc"
